// !$*UTF8*$!
{
	objectVersion = 56;
	classes = {
	};
	objects = {

/* Begin PBXBuildFile section */
		A10000000000000000000001 /* RemoteSudoTouchApp.swift in Sources */ = {isa = PBXBuildFile; fileRef = A10000000000000000000011 /* RemoteSudoTouchApp.swift */; };
		A10000000000000000000002 /* InstallerView.swift in Sources */ = {isa = PBXBuildFile; fileRef = A10000000000000000000012 /* InstallerView.swift */; };
		A10000000000000000000003 /* InstallerViewModel.swift in Sources */ = {isa = PBXBuildFile; fileRef = A10000000000000000000013 /* InstallerViewModel.swift */; };
		A10000000000000000000004 /* InstallerService.swift in Sources */ = {isa = PBXBuildFile; fileRef = A10000000000000000000014 /* InstallerService.swift */; };
		A10000000000000000000005 /* Assets.xcassets in Resources */ = {isa = PBXBuildFile; fileRef = A10000000000000000000015 /* Assets.xcassets */; };
		A10000000000000000000006 /* RemoteSudoTouchAgent in Resources */ = {isa = PBXBuildFile; fileRef = A10000000000000000000018 /* RemoteSudoTouchAgent */; };
		A10000000000000000000007 /* main.swift in Sources */ = {isa = PBXBuildFile; fileRef = A10000000000000000000017 /* main.swift */; };
/* End PBXBuildFile section */

/* Begin PBXContainerItemProxy section */
		A10000000000000000000061 /* PBXContainerItemProxy */ = {
			isa = PBXContainerItemProxy;
			containerPortal = A10000000000000000000024 /* Project object */;
			proxyType = 1;
			remoteGlobalIDString = A10000000000000000000051;
			remoteInfo = "RemoteSudoTouchAgent";
		};
/* End PBXContainerItemProxy section */

/* Begin PBXCopyFilesBuildPhase section */
		A10000000000000000000040 /* Embed Agent Binary */ = {
			isa = PBXCopyFilesBuildPhase;
			buildActionMask = 2147483647;
			dstPath = "";
			dstSubfolderSpec = 7;
			files = (
				A10000000000000000000006 /* RemoteSudoTouchAgent in Resources */,
			);
			name = "Embed Agent Binary";
			runOnlyForDeploymentPostprocessing = 0;
		};
/* End PBXCopyFilesBuildPhase section */

/* Begin PBXFileReference section */
		A10000000000000000000010 /* RemoteSudoTouch.app */ = {isa = PBXFileReference; explicitFileType = wrapper.application; includeInIndex = 0; path = RemoteSudoTouch.app; sourceTree = BUILT_PRODUCTS_DIR; };
		A10000000000000000000011 /* RemoteSudoTouchApp.swift */ = {isa = PBXFileReference; lastKnownFileType = sourcecode.swift; path = RemoteSudoTouchApp.swift; sourceTree = "<group>"; };
		A10000000000000000000012 /* InstallerView.swift */ = {isa = PBXFileReference; lastKnownFileType = sourcecode.swift; path = InstallerView.swift; sourceTree = "<group>"; };
		A10000000000000000000013 /* InstallerViewModel.swift */ = {isa = PBXFileReference; lastKnownFileType = sourcecode.swift; path = InstallerViewModel.swift; sourceTree = "<group>"; };
		A10000000000000000000014 /* InstallerService.swift */ = {isa = PBXFileReference; lastKnownFileType = sourcecode.swift; path = InstallerService.swift; sourceTree = "<group>"; };
		A10000000000000000000015 /* Assets.xcassets */ = {isa = PBXFileReference; lastKnownFileType = folder.assetcatalog; path = Assets.xcassets; sourceTree = "<group>"; };
		A10000000000000000000017 /* main.swift */ = {isa = PBXFileReference; lastKnownFileType = sourcecode.swift; path = main.swift; sourceTree = "<group>"; };
		A10000000000000000000018 /* RemoteSudoTouchAgent */ = {isa = PBXFileReference; explicitFileType = "compiled.mach-o.executable"; includeInIndex = 0; path = RemoteSudoTouchAgent; sourceTree = BUILT_PRODUCTS_DIR; };
/* End PBXFileReference section */

/* Begin PBXFrameworksBuildPhase section */
		A10000000000000000000030 /* Frameworks */ = {
			isa = PBXFrameworksBuildPhase;
			buildActionMask = 2147483647;
			files = (
			);
			runOnlyForDeploymentPostprocessing = 0;
		};
		A10000000000000000000031 /* Frameworks */ = {
			isa = PBXFrameworksBuildPhase;
			buildActionMask = 2147483647;
			files = (
			);
			runOnlyForDeploymentPostprocessing = 0;
		};
/* End PBXFrameworksBuildPhase section */

/* Begin PBXGroup section */
		A10000000000000000000020 = {
			isa = PBXGroup;
			children = (
				A10000000000000000000021 /* RemoteSudoTouch */,
				A10000000000000000000022 /* RemoteSudoTouchAgent */,
				A10000000000000000000023 /* Products */,
			);
			sourceTree = "<group>";
		};
		A10000000000000000000021 /* RemoteSudoTouch */ = {
			isa = PBXGroup;
			children = (
				A10000000000000000000011 /* RemoteSudoTouchApp.swift */,
				A10000000000000000000012 /* InstallerView.swift */,
				A10000000000000000000013 /* InstallerViewModel.swift */,
				A10000000000000000000014 /* InstallerService.swift */,
				A10000000000000000000015 /* Assets.xcassets */,
			);
			path = RemoteSudoTouch;
			sourceTree = "<group>";
		};
		A10000000000000000000022 /* RemoteSudoTouchAgent */ = {
			isa = PBXGroup;
			children = (
				A10000000000000000000017 /* main.swift */,
			);
			path = RemoteSudoTouchAgent;
			sourceTree = "<group>";
		};
		A10000000000000000000023 /* Products */ = {
			isa = PBXGroup;
			children = (
				A10000000000000000000010 /* RemoteSudoTouch.app */,
				A10000000000000000000018 /* RemoteSudoTouchAgent */,
			);
			name = Products;
			sourceTree = "<group>";
		};
/* End PBXGroup section */

/* Begin PBXNativeTarget section */
		A10000000000000000000050 /* RemoteSudoTouch */ = {
			isa = PBXNativeTarget;
			buildConfigurationList = A10000000000000000000070 /* Build configuration list for PBXNativeTarget "RemoteSudoTouch" */;
			buildPhases = (
				A10000000000000000000032 /* Sources */,
				A10000000000000000000030 /* Frameworks */,
				A10000000000000000000033 /* Resources */,
				A10000000000000000000040 /* Embed Agent Binary */,
			);
			buildRules = (
			);
			dependencies = (
				A10000000000000000000060 /* PBXTargetDependency */,
			);
			name = RemoteSudoTouch;
			productName = RemoteSudoTouch;
			productReference = A10000000000000000000010 /* RemoteSudoTouch.app */;
			productType = "com.apple.product-type.application";
		};
		A10000000000000000000051 /* RemoteSudoTouchAgent */ = {
			isa = PBXNativeTarget;
			buildConfigurationList = A10000000000000000000071 /* Build configuration list for PBXNativeTarget "RemoteSudoTouchAgent" */;
			buildPhases = (
				A10000000000000000000034 /* Sources */,
				A10000000000000000000031 /* Frameworks */,
			);
			buildRules = (
			);
			dependencies = (
			);
			name = RemoteSudoTouchAgent;
			productName = RemoteSudoTouchAgent;
			productReference = A10000000000000000000018 /* RemoteSudoTouchAgent */;
			productType = "com.apple.product-type.tool";
		};
/* End PBXNativeTarget section */

/* Begin PBXProject section */
		A10000000000000000000024 /* Project object */ = {
			isa = PBXProject;
			attributes = {
				BuildIndependentTargetsInParallel = 1;
				LastSwiftUpdateCheck = 1600;
				LastUpgradeCheck = 1600;
				TargetAttributes = {
					A10000000000000000000050 = {
						CreatedOnToolsVersion = 16.0;
					};
					A10000000000000000000051 = {
						CreatedOnToolsVersion = 16.0;
					};
				};
			};
			buildConfigurationList = A10000000000000000000072 /* Build configuration list for PBXProject "RemoteSudoTouch" */;
			compatibilityVersion = "Xcode 14.0";
			developmentRegion = en;
			hasScannedForEncodings = 0;
			knownRegions = (
				en,
				Base,
			);
			mainGroup = A10000000000000000000020;
			productRefGroup = A10000000000000000000023 /* Products */;
			projectDirPath = "";
			projectRoot = "";
			targets = (
				A10000000000000000000050 /* RemoteSudoTouch */,
				A10000000000000000000051 /* RemoteSudoTouchAgent */,
			);
		};
/* End PBXProject section */

/* Begin PBXResourcesBuildPhase section */
		A10000000000000000000033 /* Resources */ = {
			isa = PBXResourcesBuildPhase;
			buildActionMask = 2147483647;
			files = (
				A10000000000000000000005 /* Assets.xcassets in Resources */,
			);
			runOnlyForDeploymentPostprocessing = 0;
		};
/* End PBXResourcesBuildPhase section */

/* Begin PBXSourcesBuildPhase section */
		A10000000000000000000032 /* Sources */ = {
			isa = PBXSourcesBuildPhase;
			buildActionMask = 2147483647;
			files = (
				A10000000000000000000001 /* RemoteSudoTouchApp.swift in Sources */,
				A10000000000000000000002 /* InstallerView.swift in Sources */,
				A10000000000000000000003 /* InstallerViewModel.swift in Sources */,
				A10000000000000000000004 /* InstallerService.swift in Sources */,
			);
			runOnlyForDeploymentPostprocessing = 0;
		};
		A10000000000000000000034 /* Sources */ = {
			isa = PBXSourcesBuildPhase;
			buildActionMask = 2147483647;
			files = (
				A10000000000000000000007 /* main.swift in Sources */,
			);
			runOnlyForDeploymentPostprocessing = 0;
		};
/* End PBXSourcesBuildPhase section */

/* Begin PBXTargetDependency section */
		A10000000000000000000060 /* PBXTargetDependency */ = {
			isa = PBXTargetDependency;
			target = A10000000000000000000051 /* RemoteSudoTouchAgent */;
			targetProxy = A10000000000000000000061 /* PBXContainerItemProxy */;
		};
/* End PBXTargetDependency section */

/* Begin XCBuildConfiguration section */
		A10000000000000000000080 /* Debug */ = {
			isa = XCBuildConfiguration;
			buildSettings = {
				ALWAYS_SEARCH_USER_PATHS = NO;
				ASSETCATALOG_COMPILER_APPICON_NAME = AppIcon;
				ASSETCATALOG_COMPILER_GLOBAL_ACCENT_COLOR_NAME = AccentColor;
				CODE_SIGN_ENTITLEMENTS = "";
				CODE_SIGN_STYLE = Automatic;
				COMBINE_HIDPI_IMAGES = YES;
				CURRENT_PROJECT_VERSION = 1;
				ENABLE_APP_SANDBOX = NO;
				GENERATE_INFOPLIST_FILE = YES;
				INFOPLIST_KEY_CFBundleDisplayName = RemoteSudoTouch;
				INFOPLIST_KEY_LSApplicationCategoryType = public.app-category.utilities;
				LD_RUNPATH_SEARCH_PATHS = (
					"$(inherited)",
					"@executable_path/../Frameworks",
				);
				MACOSX_DEPLOYMENT_TARGET = 14.0;
				PRODUCT_BUNDLE_IDENTIFIER = com.paul.RemoteSudoTouch;
				PRODUCT_NAME = "$(TARGET_NAME)";
				SDKROOT = macosx;
				SWIFT_EMIT_LOC_STRINGS = YES;
				SWIFT_VERSION = 5.0;
			};
			name = Debug;
		};
		A10000000000000000000081 /* Release */ = {
			isa = XCBuildConfiguration;
			buildSettings = {
				ALWAYS_SEARCH_USER_PATHS = NO;
				ASSETCATALOG_COMPILER_APPICON_NAME = AppIcon;
				ASSETCATALOG_COMPILER_GLOBAL_ACCENT_COLOR_NAME = AccentColor;
				CODE_SIGN_ENTITLEMENTS = "";
				CODE_SIGN_STYLE = Automatic;
				COMBINE_HIDPI_IMAGES = YES;
				CURRENT_PROJECT_VERSION = 1;
				ENABLE_APP_SANDBOX = NO;
				GENERATE_INFOPLIST_FILE = YES;
				INFOPLIST_KEY_CFBundleDisplayName = RemoteSudoTouch;
				INFOPLIST_KEY_LSApplicationCategoryType = public.app-category.utilities;
				LD_RUNPATH_SEARCH_PATHS = (
					"$(inherited)",
					"@executable_path/../Frameworks",
				);
				MACOSX_DEPLOYMENT_TARGET = 14.0;
				PRODUCT_BUNDLE_IDENTIFIER = com.paul.RemoteSudoTouch;
				PRODUCT_NAME = "$(TARGET_NAME)";
				SDKROOT = macosx;
				SWIFT_EMIT_LOC_STRINGS = YES;
				SWIFT_VERSION = 5.0;
			};
			name = Release;
		};
		A10000000000000000000082 /* Debug */ = {
			isa = XCBuildConfiguration;
			buildSettings = {
				ALWAYS_SEARCH_USER_PATHS = NO;
				CODE_SIGN_STYLE = Automatic;
				CURRENT_PROJECT_VERSION = 1;
				GENERATE_INFOPLIST_FILE = YES;
				INFOPLIST_KEY_CFBundleName = RemoteSudoTouchAgent;
				MACOSX_DEPLOYMENT_TARGET = 14.0;
				PRODUCT_BUNDLE_IDENTIFIER = com.paul.RemoteSudoTouchAgent;
				PRODUCT_NAME = "$(TARGET_NAME)";
				SDKROOT = macosx;
				SWIFT_VERSION = 5.0;
			};
			name = Debug;
		};
		A10000000000000000000083 /* Release */ = {
			isa = XCBuildConfiguration;
			buildSettings = {
				ALWAYS_SEARCH_USER_PATHS = NO;
				CODE_SIGN_STYLE = Automatic;
				CURRENT_PROJECT_VERSION = 1;
				GENERATE_INFOPLIST_FILE = YES;
				INFOPLIST_KEY_CFBundleName = RemoteSudoTouchAgent;
				MACOSX_DEPLOYMENT_TARGET = 14.0;
				PRODUCT_BUNDLE_IDENTIFIER = com.paul.RemoteSudoTouchAgent;
				PRODUCT_NAME = "$(TARGET_NAME)";
				SDKROOT = macosx;
				SWIFT_VERSION = 5.0;
			};
			name = Release;
		};
		A10000000000000000000084 /* Debug */ = {
			isa = XCBuildConfiguration;
			buildSettings = {
				CODE_SIGN_STYLE = Automatic;
				MACOSX_DEPLOYMENT_TARGET = 14.0;
				SDKROOT = macosx;
			};
			name = Debug;
		};
		A10000000000000000000085 /* Release */ = {
			isa = XCBuildConfiguration;
			buildSettings = {
				CODE_SIGN_STYLE = Automatic;
				MACOSX_DEPLOYMENT_TARGET = 14.0;
				SDKROOT = macosx;
			};
			name = Release;
		};
/* End XCBuildConfiguration section */

/* Begin XCConfigurationList section */
		A10000000000000000000070 /* Build configuration list for PBXNativeTarget "RemoteSudoTouch" */ = {
			isa = XCConfigurationList;
			buildConfigurations = (
				A10000000000000000000080 /* Debug */,
				A10000000000000000000081 /* Release */,
			);
			defaultConfigurationIsVisible = 0;
			defaultConfigurationName = Release;
		};
		A10000000000000000000071 /* Build configuration list for PBXNativeTarget "RemoteSudoTouchAgent" */ = {
			isa = XCConfigurationList;
			buildConfigurations = (
				A10000000000000000000082 /* Debug */,
				A10000000000000000000083 /* Release */,
			);
			defaultConfigurationIsVisible = 0;
			defaultConfigurationName = Release;
		};
		A10000000000000000000072 /* Build configuration list for PBXProject "RemoteSudoTouch" */ = {
			isa = XCConfigurationList;
			buildConfigurations = (
				A10000000000000000000084 /* Debug */,
				A10000000000000000000085 /* Release */,
			);
			defaultConfigurationIsVisible = 0;
			defaultConfigurationName = Release;
		};
/* End XCConfigurationList section */
	};
	rootObject = A10000000000000000000024 /* Project object */;
}
